
Microsoft Visual Studio Solution File, Format Version 12.00
# Visual Studio 2013
VisualStudioVersion = 12.0.31101.0
MinimumVisualStudioVersion = 10.0.40219.1
Project("{FAE04EC0-301F-11D3-BF4B-00C04F79EFBC}") = "GEDMatcher", "GEDMatcher\GEDMatcher.csproj", "{10BC52E9-9A58-497D-B9B4-3E3A471E038B}"
EndProject
Global
	GlobalSection(SolutionConfigurationPlatforms) = preSolution
		Debug|Any CPU = Debug|Any CPU
		Development|Any CPU = Development|Any CPU
		Release|Any CPU = Release|Any CPU
	EndGlobalSection
	GlobalSection(ProjectConfigurationPlatforms) = postSolution
		{10BC52E9-9A58-497D-B9B4-3E3A471E038B}.Debug|Any CPU.ActiveCfg = Debug|Any CPU
		{10BC52E9-9A58-497D-B9B4-3E3A471E038B}.Debug|Any CPU.Build.0 = Debug|Any CPU
		{10BC52E9-9A58-497D-B9B4-3E3A471E038B}.Development|Any CPU.ActiveCfg = Debug|Any CPU
		{10BC52E9-9A58-497D-B9B4-3E3A471E038B}.Development|Any CPU.Build.0 = Debug|Any CPU
		{10BC52E9-9A58-497D-B9B4-3E3A471E038B}.Release|Any CPU.ActiveCfg = Release|Any CPU
		{10BC52E9-9A58-497D-B9B4-3E3A471E038B}.Release|Any CPU.Build.0 = Release|Any CPU
	EndGlobalSection
	GlobalSection(SolutionProperties) = preSolution
		HideSolutionNode = FALSE
	EndGlobalSection
EndGlobal
